
Microsoft Visual Studio Solution File, Format Version 12.00
# Visual Studio Version 17
VisualStudioVersion = 17.13.35931.197 d17.13
MinimumVisualStudioVersion = 10.0.40219.1
Project("{FAE04EC0-301F-11D3-BF4B-00C04F79EFBC}") = "SyncfusionBlazorApp1", "SyncfusionBlazorApp1\SyncfusionBlazorApp1.csproj", "{6E9D6204-5613-43CD-A16E-CB0A65BA7CA7}"
EndProject
Global
	GlobalSection(SolutionConfigurationPlatforms) = preSolution
		Debug|Any CPU = Debug|Any CPU
		Release|Any CPU = Release|Any CPU
	EndGlobalSection
	GlobalSection(ProjectConfigurationPlatforms) = postSolution
		{6E9D6204-5613-43CD-A16E-CB0A65BA7CA7}.Debug|Any CPU.ActiveCfg = Debug|Any CPU
		{6E9D6204-5613-43CD-A16E-CB0A65BA7CA7}.Debug|Any CPU.Build.0 = Debug|Any CPU
		{6E9D6204-5613-43CD-A16E-CB0A65BA7CA7}.Release|Any CPU.ActiveCfg = Release|Any CPU
		{6E9D6204-5613-43CD-A16E-CB0A65BA7CA7}.Release|Any CPU.Build.0 = Release|Any CPU
	EndGlobalSection
	GlobalSection(SolutionProperties) = preSolution
		HideSolutionNode = FALSE
	EndGlobalSection
	GlobalSection(ExtensibilityGlobals) = postSolution
		SolutionGuid = {F4FC3C3A-6FA5-4BF5-AF92-06A662DD0539}
	EndGlobalSection
EndGlobal
